
Microsoft Visual Studio Solution File, Format Version 12.00
# Visual Studio Version 17
VisualStudioVersion = 17.3.32922.545
MinimumVisualStudioVersion = 10.0.40219.1
Project("{FAE04EC0-301F-11D3-BF4B-00C04F79EFBC}") = "TSE", "TSE\TSE.csproj", "{82DB79BC-E7FC-4ED8-9FCD-A1CC6ADF05BC}"
EndProject
Global
	GlobalSection(SolutionConfigurationPlatforms) = preSolution
		Debug|Any CPU = Debug|Any CPU
		Release|Any CPU = Release|Any CPU
	EndGlobalSection
	GlobalSection(ProjectConfigurationPlatforms) = postSolution
		{82DB79BC-E7FC-4ED8-9FCD-A1CC6ADF05BC}.Debug|Any CPU.ActiveCfg = Debug|Any CPU
		{82DB79BC-E7FC-4ED8-9FCD-A1CC6ADF05BC}.Debug|Any CPU.Build.0 = Debug|Any CPU
		{82DB79BC-E7FC-4ED8-9FCD-A1CC6ADF05BC}.Release|Any CPU.ActiveCfg = Release|Any CPU
		{82DB79BC-E7FC-4ED8-9FCD-A1CC6ADF05BC}.Release|Any CPU.Build.0 = Release|Any CPU
	EndGlobalSection
	GlobalSection(SolutionProperties) = preSolution
		HideSolutionNode = FALSE
	EndGlobalSection
	GlobalSection(ExtensibilityGlobals) = postSolution
		SolutionGuid = {A3FFA65C-2F51-4068-B737-B1A80999C99F}
	EndGlobalSection
EndGlobal
